
Microsoft Visual Studio Solution File, Format Version 12.00
# Visual Studio Version 17
VisualStudioVersion = 17.7.34031.279
MinimumVisualStudioVersion = 10.0.40219.1
Project("{9A19103F-16F7-4668-BE54-9A1E7A4F7556}") = "StockAndCurrency", "StockAndCurrency.csproj", "{891F1594-A8DF-4F48-8265-36B58C249844}"
EndProject
Global
	GlobalSection(SolutionConfigurationPlatforms) = preSolution
		Debug|Any CPU = Debug|Any CPU
		Release|Any CPU = Release|Any CPU
	EndGlobalSection
	GlobalSection(ProjectConfigurationPlatforms) = postSolution
		{891F1594-A8DF-4F48-8265-36B58C249844}.Debug|Any CPU.ActiveCfg = Debug|Any CPU
		{891F1594-A8DF-4F48-8265-36B58C249844}.Debug|Any CPU.Build.0 = Debug|Any CPU
		{891F1594-A8DF-4F48-8265-36B58C249844}.Release|Any CPU.ActiveCfg = Release|Any CPU
		{891F1594-A8DF-4F48-8265-36B58C249844}.Release|Any CPU.Build.0 = Release|Any CPU
	EndGlobalSection
	GlobalSection(SolutionProperties) = preSolution
		HideSolutionNode = FALSE
	EndGlobalSection
	GlobalSection(ExtensibilityGlobals) = postSolution
		SolutionGuid = {AA36B757-7F67-461A-BDF9-4663952389C6}
	EndGlobalSection
EndGlobal
